
Microsoft Visual Studio Solution File, Format Version 12.00
# Visual Studio Version 16
VisualStudioVersion = 16.0.31410.357
MinimumVisualStudioVersion = 10.0.40219.1
Project("{778DAE3C-4631-46EA-AA77-85C1314464D9}") = "CollisionDetection.View", "2DParticleMotionSimulation-VB\CollisionDetection.View.vbproj", "{024B8DA7-DDC7-494D-840A-66194856F4F2}"
EndProject
Project("{F184B08F-C81C-45F6-A57F-5ABD9991F28F}") = "UnitTests", "UnitTests\UnitTests.vbproj", "{18E3D2A3-2456-4F4D-B363-582B70FCCBF4}"
EndProject
Project("{F184B08F-C81C-45F6-A57F-5ABD9991F28F}") = "CollisionDetection.Model", "Geometry\CollisionDetection.Model.vbproj", "{190DF025-EA21-4CDC-822A-6FE86732B64F}"
EndProject
Project("{FAE04EC0-301F-11D3-BF4B-00C04F79EFBC}") = "CollisionDetection.Presentation", "PresentationLayer\CollisionDetection.Presentation.csproj", "{D58903CB-6359-42C6-8716-18F2FD291086}"
EndProject
Global
	GlobalSection(SolutionConfigurationPlatforms) = preSolution
		Debug|Any CPU = Debug|Any CPU
		Release|Any CPU = Release|Any CPU
	EndGlobalSection
	GlobalSection(ProjectConfigurationPlatforms) = postSolution
		{024B8DA7-DDC7-494D-840A-66194856F4F2}.Debug|Any CPU.ActiveCfg = Debug|Any CPU
		{024B8DA7-DDC7-494D-840A-66194856F4F2}.Debug|Any CPU.Build.0 = Debug|Any CPU
		{024B8DA7-DDC7-494D-840A-66194856F4F2}.Release|Any CPU.ActiveCfg = Release|Any CPU
		{024B8DA7-DDC7-494D-840A-66194856F4F2}.Release|Any CPU.Build.0 = Release|Any CPU
		{18E3D2A3-2456-4F4D-B363-582B70FCCBF4}.Debug|Any CPU.ActiveCfg = Debug|Any CPU
		{18E3D2A3-2456-4F4D-B363-582B70FCCBF4}.Debug|Any CPU.Build.0 = Debug|Any CPU
		{18E3D2A3-2456-4F4D-B363-582B70FCCBF4}.Release|Any CPU.ActiveCfg = Release|Any CPU
		{18E3D2A3-2456-4F4D-B363-582B70FCCBF4}.Release|Any CPU.Build.0 = Release|Any CPU
		{190DF025-EA21-4CDC-822A-6FE86732B64F}.Debug|Any CPU.ActiveCfg = Debug|Any CPU
		{190DF025-EA21-4CDC-822A-6FE86732B64F}.Debug|Any CPU.Build.0 = Debug|Any CPU
		{190DF025-EA21-4CDC-822A-6FE86732B64F}.Release|Any CPU.ActiveCfg = Release|Any CPU
		{190DF025-EA21-4CDC-822A-6FE86732B64F}.Release|Any CPU.Build.0 = Release|Any CPU
		{D58903CB-6359-42C6-8716-18F2FD291086}.Debug|Any CPU.ActiveCfg = Debug|Any CPU
		{D58903CB-6359-42C6-8716-18F2FD291086}.Debug|Any CPU.Build.0 = Debug|Any CPU
		{D58903CB-6359-42C6-8716-18F2FD291086}.Release|Any CPU.ActiveCfg = Release|Any CPU
		{D58903CB-6359-42C6-8716-18F2FD291086}.Release|Any CPU.Build.0 = Release|Any CPU
	EndGlobalSection
	GlobalSection(SolutionProperties) = preSolution
		HideSolutionNode = FALSE
	EndGlobalSection
	GlobalSection(ExtensibilityGlobals) = postSolution
		SolutionGuid = {68BE5388-2FA6-4FF2-B607-5C7B08B212FD}
	EndGlobalSection
EndGlobal
